// !$*UTF8*$!
{
	archiveVersion = 1;
	classes = {
	};
	objectVersion = 50;
	objects = {

/* Begin PBXBuildFile section */
		8A5BA549212EBD510066800C /* AppDelegate.swift in Sources */ = {isa = PBXBuildFile; fileRef = 8A5BA548212EBD510066800C /* AppDelegate.swift */; };
		8A5BA54B212EBD510066800C /* ViewController.swift in Sources */ = {isa = PBXBuildFile; fileRef = 8A5BA54A212EBD510066800C /* ViewController.swift */; };
		8A5BA54E212EBD510066800C /* Main.storyboard in Resources */ = {isa = PBXBuildFile; fileRef = 8A5BA54C212EBD510066800C /* Main.storyboard */; };
		8A5BA551212EBD510066800C /* messageApp.xcdatamodeld in Sources */ = {isa = PBXBuildFile; fileRef = 8A5BA54F212EBD510066800C /* messageApp.xcdatamodeld */; };
		8A5BA553212EBD540066800C /* Assets.xcassets in Resources */ = {isa = PBXBuildFile; fileRef = 8A5BA552212EBD540066800C /* Assets.xcassets */; };
		8A5BA556212EBD540066800C /* LaunchScreen.storyboard in Resources */ = {isa = PBXBuildFile; fileRef = 8A5BA554212EBD540066800C /* LaunchScreen.storyboard */; };
		8A5BA561212EBD540066800C /* messageAppTests.swift in Sources */ = {isa = PBXBuildFile; fileRef = 8A5BA560212EBD540066800C /* messageAppTests.swift */; };
		8A5BA56C212EBD540066800C /* messageAppUITests.swift in Sources */ = {isa = PBXBuildFile; fileRef = 8A5BA56B212EBD540066800C /* messageAppUITests.swift */; };
/* End PBXBuildFile section */

/* Begin PBXContainerItemProxy section */
		8A5BA55D212EBD540066800C /* PBXContainerItemProxy */ = {
			isa = PBXContainerItemProxy;
			containerPortal = 8A5BA53D212EBD510066800C /* Project object */;
			proxyType = 1;
			remoteGlobalIDString = 8A5BA544212EBD510066800C;
			remoteInfo = messageApp;
		};
		8A5BA568212EBD540066800C /* PBXContainerItemProxy */ = {
			isa = PBXContainerItemProxy;
			containerPortal = 8A5BA53D212EBD510066800C /* Project object */;
			proxyType = 1;
			remoteGlobalIDString = 8A5BA544212EBD510066800C;
			remoteInfo = messageApp;
		};
/* End PBXContainerItemProxy section */

/* Begin PBXFileReference section */
		8A5BA545212EBD510066800C /* messageApp.app */ = {isa = PBXFileReference; explicitFileType = wrapper.application; includeInIndex = 0; path = messageApp.app; sourceTree = BUILT_PRODUCTS_DIR; };
		8A5BA548212EBD510066800C /* AppDelegate.swift */ = {isa = PBXFileReference; lastKnownFileType = sourcecode.swift; path = AppDelegate.swift; sourceTree = "<group>"; };
		8A5BA54A212EBD510066800C /* ViewController.swift */ = {isa = PBXFileReference; lastKnownFileType = sourcecode.swift; path = ViewController.swift; sourceTree = "<group>"; };
		8A5BA54D212EBD510066800C /* Base */ = {isa = PBXFileReference; lastKnownFileType = file.storyboard; name = Base; path = Base.lproj/Main.storyboard; sourceTree = "<group>"; };
		8A5BA550212EBD510066800C /* messageApp.xcdatamodel */ = {isa = PBXFileReference; lastKnownFileType = wrapper.xcdatamodel; path = messageApp.xcdatamodel; sourceTree = "<group>"; };
		8A5BA552212EBD540066800C /* Assets.xcassets */ = {isa = PBXFileReference; lastKnownFileType = folder.assetcatalog; path = Assets.xcassets; sourceTree = "<group>"; };
		8A5BA555212EBD540066800C /* Base */ = {isa = PBXFileReference; lastKnownFileType = file.storyboard; name = Base; path = Base.lproj/LaunchScreen.storyboard; sourceTree = "<group>"; };
		8A5BA557212EBD540066800C /* Info.plist */ = {isa = PBXFileReference; lastKnownFileType = text.plist.xml; path = Info.plist; sourceTree = "<group>"; };
		8A5BA55C212EBD540066800C /* messageAppTests.xctest */ = {isa = PBXFileReference; explicitFileType = wrapper.cfbundle; includeInIndex = 0; path = messageAppTests.xctest; sourceTree = BUILT_PRODUCTS_DIR; };
		8A5BA560212EBD540066800C /* messageAppTests.swift */ = {isa = PBXFileReference; lastKnownFileType = sourcecode.swift; path = messageAppTests.swift; sourceTree = "<group>"; };
		8A5BA562212EBD540066800C /* Info.plist */ = {isa = PBXFileReference; lastKnownFileType = text.plist.xml; path = Info.plist; sourceTree = "<group>"; };
		8A5BA567212EBD540066800C /* messageAppUITests.xctest */ = {isa = PBXFileReference; explicitFileType = wrapper.cfbundle; includeInIndex = 0; path = messageAppUITests.xctest; sourceTree = BUILT_PRODUCTS_DIR; };
		8A5BA56B212EBD540066800C /* messageAppUITests.swift */ = {isa = PBXFileReference; lastKnownFileType = sourcecode.swift; path = messageAppUITests.swift; sourceTree = "<group>"; };
		8A5BA56D212EBD540066800C /* Info.plist */ = {isa = PBXFileReference; lastKnownFileType = text.plist.xml; path = Info.plist; sourceTree = "<group>"; };
/* End PBXFileReference section */

/* Begin PBXFrameworksBuildPhase section */
		8A5BA542212EBD510066800C /* Frameworks */ = {
			isa = PBXFrameworksBuildPhase;
			buildActionMask = 2147483647;
			files = (
			);
			runOnlyForDeploymentPostprocessing = 0;
		};
		8A5BA559212EBD540066800C /* Frameworks */ = {
			isa = PBXFrameworksBuildPhase;
			buildActionMask = 2147483647;
			files = (
			);
			runOnlyForDeploymentPostprocessing = 0;
		};
		8A5BA564212EBD540066800C /* Frameworks */ = {
			isa = PBXFrameworksBuildPhase;
			buildActionMask = 2147483647;
			files = (
			);
			runOnlyForDeploymentPostprocessing = 0;
		};
/* End PBXFrameworksBuildPhase section */

/* Begin PBXGroup section */
		8A5BA53C212EBD510066800C = {
			isa = PBXGroup;
			children = (
				8A5BA547212EBD510066800C /* messageApp */,
				8A5BA55F212EBD540066800C /* messageAppTests */,
				8A5BA56A212EBD540066800C /* messageAppUITests */,
				8A5BA546212EBD510066800C /* Products */,
			);
			sourceTree = "<group>";
		};
		8A5BA546212EBD510066800C /* Products */ = {
			isa = PBXGroup;
			children = (
				8A5BA545212EBD510066800C /* messageApp.app */,
				8A5BA55C212EBD540066800C /* messageAppTests.xctest */,
				8A5BA567212EBD540066800C /* messageAppUITests.xctest */,
			);
			name = Products;
			sourceTree = "<group>";
		};
		8A5BA547212EBD510066800C /* messageApp */ = {
			isa = PBXGroup;
			children = (
				8A5BA548212EBD510066800C /* AppDelegate.swift */,
				8A5BA54A212EBD510066800C /* ViewController.swift */,
				8A5BA54C212EBD510066800C /* Main.storyboard */,
				8A5BA552212EBD540066800C /* Assets.xcassets */,
				8A5BA554212EBD540066800C /* LaunchScreen.storyboard */,
				8A5BA557212EBD540066800C /* Info.plist */,
				8A5BA54F212EBD510066800C /* messageApp.xcdatamodeld */,
			);
			path = messageApp;
			sourceTree = "<group>";
		};
		8A5BA55F212EBD540066800C /* messageAppTests */ = {
			isa = PBXGroup;
			children = (
				8A5BA560212EBD540066800C /* messageAppTests.swift */,
				8A5BA562212EBD540066800C /* Info.plist */,
			);
			path = messageAppTests;
			sourceTree = "<group>";
		};
		8A5BA56A212EBD540066800C /* messageAppUITests */ = {
			isa = PBXGroup;
			children = (
				8A5BA56B212EBD540066800C /* messageAppUITests.swift */,
				8A5BA56D212EBD540066800C /* Info.plist */,
			);
			path = messageAppUITests;
			sourceTree = "<group>";
		};
/* End PBXGroup section */

/* Begin PBXNativeTarget section */
		8A5BA544212EBD510066800C /* messageApp */ = {
			isa = PBXNativeTarget;
			buildConfigurationList = 8A5BA570212EBD540066800C /* Build configuration list for PBXNativeTarget "messageApp" */;
			buildPhases = (
				8A5BA541212EBD510066800C /* Sources */,
				8A5BA542212EBD510066800C /* Frameworks */,
				8A5BA543212EBD510066800C /* Resources */,
			);
			buildRules = (
			);
			dependencies = (
			);
			name = messageApp;
			productName = messageApp;
			productReference = 8A5BA545212EBD510066800C /* messageApp.app */;
			productType = "com.apple.product-type.application";
		};
		8A5BA55B212EBD540066800C /* messageAppTests */ = {
			isa = PBXNativeTarget;
			buildConfigurationList = 8A5BA573212EBD540066800C /* Build configuration list for PBXNativeTarget "messageAppTests" */;
			buildPhases = (
				8A5BA558212EBD540066800C /* Sources */,
				8A5BA559212EBD540066800C /* Frameworks */,
				8A5BA55A212EBD540066800C /* Resources */,
			);
			buildRules = (
			);
			dependencies = (
				8A5BA55E212EBD540066800C /* PBXTargetDependency */,
			);
			name = messageAppTests;
			productName = messageAppTests;
			productReference = 8A5BA55C212EBD540066800C /* messageAppTests.xctest */;
			productType = "com.apple.product-type.bundle.unit-test";
		};
		8A5BA566212EBD540066800C /* messageAppUITests */ = {
			isa = PBXNativeTarget;
			buildConfigurationList = 8A5BA576212EBD540066800C /* Build configuration list for PBXNativeTarget "messageAppUITests" */;
			buildPhases = (
				8A5BA563212EBD540066800C /* Sources */,
				8A5BA564212EBD540066800C /* Frameworks */,
				8A5BA565212EBD540066800C /* Resources */,
			);
			buildRules = (
			);
			dependencies = (
				8A5BA569212EBD540066800C /* PBXTargetDependency */,
			);
			name = messageAppUITests;
			productName = messageAppUITests;
			productReference = 8A5BA567212EBD540066800C /* messageAppUITests.xctest */;
			productType = "com.apple.product-type.bundle.ui-testing";
		};
/* End PBXNativeTarget section */

/* Begin PBXProject section */
		8A5BA53D212EBD510066800C /* Project object */ = {
			isa = PBXProject;
			attributes = {
				LastSwiftUpdateCheck = 0940;
				LastUpgradeCheck = 0940;
				ORGANIZATIONNAME = "ongarj wongkeaw";
				TargetAttributes = {
					8A5BA544212EBD510066800C = {
						CreatedOnToolsVersion = 9.4.1;
					};
					8A5BA55B212EBD540066800C = {
						CreatedOnToolsVersion = 9.4.1;
						TestTargetID = 8A5BA544212EBD510066800C;
					};
					8A5BA566212EBD540066800C = {
						CreatedOnToolsVersion = 9.4.1;
						TestTargetID = 8A5BA544212EBD510066800C;
					};
				};
			};
			buildConfigurationList = 8A5BA540212EBD510066800C /* Build configuration list for PBXProject "messageApp" */;
			compatibilityVersion = "Xcode 9.3";
			developmentRegion = en;
			hasScannedForEncodings = 0;
			knownRegions = (
				en,
				Base,
			);
			mainGroup = 8A5BA53C212EBD510066800C;
			productRefGroup = 8A5BA546212EBD510066800C /* Products */;
			projectDirPath = "";
			projectRoot = "";
			targets = (
				8A5BA544212EBD510066800C /* messageApp */,
				8A5BA55B212EBD540066800C /* messageAppTests */,
				8A5BA566212EBD540066800C /* messageAppUITests */,
			);
		};
/* End PBXProject section */

/* Begin PBXResourcesBuildPhase section */
		8A5BA543212EBD510066800C /* Resources */ = {
			isa = PBXResourcesBuildPhase;
			buildActionMask = 2147483647;
			files = (
				8A5BA556212EBD540066800C /* LaunchScreen.storyboard in Resources */,
				8A5BA553212EBD540066800C /* Assets.xcassets in Resources */,
				8A5BA54E212EBD510066800C /* Main.storyboard in Resources */,
			);
			runOnlyForDeploymentPostprocessing = 0;
		};
		8A5BA55A212EBD540066800C /* Resources */ = {
			isa = PBXResourcesBuildPhase;
			buildActionMask = 2147483647;
			files = (
			);
			runOnlyForDeploymentPostprocessing = 0;
		};
		8A5BA565212EBD540066800C /* Resources */ = {
			isa = PBXResourcesBuildPhase;
			buildActionMask = 2147483647;
			files = (
			);
			runOnlyForDeploymentPostprocessing = 0;
		};
/* End PBXResourcesBuildPhase section */

/* Begin PBXSourcesBuildPhase section */
		8A5BA541212EBD510066800C /* Sources */ = {
			isa = PBXSourcesBuildPhase;
			buildActionMask = 2147483647;
			files = (
				8A5BA551212EBD510066800C /* messageApp.xcdatamodeld in Sources */,
				8A5BA54B212EBD510066800C /* ViewController.swift in Sources */,
				8A5BA549212EBD510066800C /* AppDelegate.swift in Sources */,
			);
			runOnlyForDeploymentPostprocessing = 0;
		};
		8A5BA558212EBD540066800C /* Sources */ = {
			isa = PBXSourcesBuildPhase;
			buildActionMask = 2147483647;
			files = (
				8A5BA561212EBD540066800C /* messageAppTests.swift in Sources */,
			);
			runOnlyForDeploymentPostprocessing = 0;
		};
		8A5BA563212EBD540066800C /* Sources */ = {
			isa = PBXSourcesBuildPhase;
			buildActionMask = 2147483647;
			files = (
				8A5BA56C212EBD540066800C /* messageAppUITests.swift in Sources */,
			);
			runOnlyForDeploymentPostprocessing = 0;
		};
/* End PBXSourcesBuildPhase section */

/* Begin PBXTargetDependency section */
		8A5BA55E212EBD540066800C /* PBXTargetDependency */ = {
			isa = PBXTargetDependency;
			target = 8A5BA544212EBD510066800C /* messageApp */;
			targetProxy = 8A5BA55D212EBD540066800C /* PBXContainerItemProxy */;
		};
		8A5BA569212EBD540066800C /* PBXTargetDependency */ = {
			isa = PBXTargetDependency;
			target = 8A5BA544212EBD510066800C /* messageApp */;
			targetProxy = 8A5BA568212EBD540066800C /* PBXContainerItemProxy */;
		};
/* End PBXTargetDependency section */

/* Begin PBXVariantGroup section */
		8A5BA54C212EBD510066800C /* Main.storyboard */ = {
			isa = PBXVariantGroup;
			children = (
				8A5BA54D212EBD510066800C /* Base */,
			);
			name = Main.storyboard;
			sourceTree = "<group>";
		};
		8A5BA554212EBD540066800C /* LaunchScreen.storyboard */ = {
			isa = PBXVariantGroup;
			children = (
				8A5BA555212EBD540066800C /* Base */,
			);
			name = LaunchScreen.storyboard;
			sourceTree = "<group>";
		};
/* End PBXVariantGroup section */

/* Begin XCBuildConfiguration section */
		8A5BA56E212EBD540066800C /* Debug */ = {
			isa = XCBuildConfiguration;
			buildSettings = {
				ALWAYS_SEARCH_USER_PATHS = NO;
				CLANG_ANALYZER_NONNULL = YES;
				CLANG_ANALYZER_NUMBER_OBJECT_CONVERSION = YES_AGGRESSIVE;
				CLANG_CXX_LANGUAGE_STANDARD = "gnu++14";
				CLANG_CXX_LIBRARY = "libc++";
				CLANG_ENABLE_MODULES = YES;
				CLANG_ENABLE_OBJC_ARC = YES;
				CLANG_ENABLE_OBJC_WEAK = YES;
				CLANG_WARN_BLOCK_CAPTURE_AUTORELEASING = YES;
				CLANG_WARN_BOOL_CONVERSION = YES;
				CLANG_WARN_COMMA = YES;
				CLANG_WARN_CONSTANT_CONVERSION = YES;
				CLANG_WARN_DEPRECATED_OBJC_IMPLEMENTATIONS = YES;
				CLANG_WARN_DIRECT_OBJC_ISA_USAGE = YES_ERROR;
				CLANG_WARN_DOCUMENTATION_COMMENTS = YES;
				CLANG_WARN_EMPTY_BODY = YES;
				CLANG_WARN_ENUM_CONVERSION = YES;
				CLANG_WARN_INFINITE_RECURSION = YES;
				CLANG_WARN_INT_CONVERSION = YES;
				CLANG_WARN_NON_LITERAL_NULL_CONVERSION = YES;
				CLANG_WARN_OBJC_IMPLICIT_RETAIN_SELF = YES;
				CLANG_WARN_OBJC_LITERAL_CONVERSION = YES;
				CLANG_WARN_OBJC_ROOT_CLASS = YES_ERROR;
				CLANG_WARN_RANGE_LOOP_ANALYSIS = YES;
				CLANG_WARN_STRICT_PROTOTYPES = YES;
				CLANG_WARN_SUSPICIOUS_MOVE = YES;
				CLANG_WARN_UNGUARDED_AVAILABILITY = YES_AGGRESSIVE;
				CLANG_WARN_UNREACHABLE_CODE = YES;
				CLANG_WARN__DUPLICATE_METHOD_MATCH = YES;
				CODE_SIGN_IDENTITY = "iPhone Developer";
				COPY_PHASE_STRIP = NO;
				DEBUG_INFORMATION_FORMAT = dwarf;
				ENABLE_STRICT_OBJC_MSGSEND = YES;
				ENABLE_TESTABILITY = YES;
				GCC_C_LANGUAGE_STANDARD = gnu11;
				GCC_DYNAMIC_NO_PIC = NO;
				GCC_NO_COMMON_BLOCKS = YES;
				GCC_OPTIMIZATION_LEVEL = 0;
				GCC_PREPROCESSOR_DEFINITIONS = (
					"DEBUG=1",
					"$(inherited)",
				);
				GCC_WARN_64_TO_32_BIT_CONVERSION = YES;
				GCC_WARN_ABOUT_RETURN_TYPE = YES_ERROR;
				GCC_WARN_UNDECLARED_SELECTOR = YES;
				GCC_WARN_UNINITIALIZED_AUTOS = YES_AGGRESSIVE;
				GCC_WARN_UNUSED_FUNCTION = YES;
				GCC_WARN_UNUSED_VARIABLE = YES;
				IPHONEOS_DEPLOYMENT_TARGET = 11.4;
				MTL_ENABLE_DEBUG_INFO = YES;
				ONLY_ACTIVE_ARCH = YES;
				SDKROOT = iphoneos;
				SWIFT_ACTIVE_COMPILATION_CONDITIONS = DEBUG;
				SWIFT_OPTIMIZATION_LEVEL = "-Onone";
			};
			name = Debug;
		};
		8A5BA56F212EBD540066800C /* Release */ = {
			isa = XCBuildConfiguration;
			buildSettings = {
				ALWAYS_SEARCH_USER_PATHS = NO;
				CLANG_ANALYZER_NONNULL = YES;
				CLANG_ANALYZER_NUMBER_OBJECT_CONVERSION = YES_AGGRESSIVE;
				CLANG_CXX_LANGUAGE_STANDARD = "gnu++14";
				CLANG_CXX_LIBRARY = "libc++";
				CLANG_ENABLE_MODULES = YES;
				CLANG_ENABLE_OBJC_ARC = YES;
				CLANG_ENABLE_OBJC_WEAK = YES;
				CLANG_WARN_BLOCK_CAPTURE_AUTORELEASING = YES;
				CLANG_WARN_BOOL_CONVERSION = YES;
				CLANG_WARN_COMMA = YES;
				CLANG_WARN_CONSTANT_CONVERSION = YES;
				CLANG_WARN_DEPRECATED_OBJC_IMPLEMENTATIONS = YES;
				CLANG_WARN_DIRECT_OBJC_ISA_USAGE = YES_ERROR;
				CLANG_WARN_DOCUMENTATION_COMMENTS = YES;
				CLANG_WARN_EMPTY_BODY = YES;
				CLANG_WARN_ENUM_CONVERSION = YES;
				CLANG_WARN_INFINITE_RECURSION = YES;
				CLANG_WARN_INT_CONVERSION = YES;
				CLANG_WARN_NON_LITERAL_NULL_CONVERSION = YES;
				CLANG_WARN_OBJC_IMPLICIT_RETAIN_SELF = YES;
				CLANG_WARN_OBJC_LITERAL_CONVERSION = YES;
				CLANG_WARN_OBJC_ROOT_CLASS = YES_ERROR;
				CLANG_WARN_RANGE_LOOP_ANALYSIS = YES;
				CLANG_WARN_STRICT_PROTOTYPES = YES;
				CLANG_WARN_SUSPICIOUS_MOVE = YES;
				CLANG_WARN_UNGUARDED_AVAILABILITY = YES_AGGRESSIVE;
				CLANG_WARN_UNREACHABLE_CODE = YES;
				CLANG_WARN__DUPLICATE_METHOD_MATCH = YES;
				CODE_SIGN_IDENTITY = "iPhone Developer";
				COPY_PHASE_STRIP = NO;
				DEBUG_INFORMATION_FORMAT = "dwarf-with-dsym";
				ENABLE_NS_ASSERTIONS = NO;
				ENABLE_STRICT_OBJC_MSGSEND = YES;
				GCC_C_LANGUAGE_STANDARD = gnu11;
				GCC_NO_COMMON_BLOCKS = YES;
				GCC_WARN_64_TO_32_BIT_CONVERSION = YES;
				GCC_WARN_ABOUT_RETURN_TYPE = YES_ERROR;
				GCC_WARN_UNDECLARED_SELECTOR = YES;
				GCC_WARN_UNINITIALIZED_AUTOS = YES_AGGRESSIVE;
				GCC_WARN_UNUSED_FUNCTION = YES;
				GCC_WARN_UNUSED_VARIABLE = YES;
				IPHONEOS_DEPLOYMENT_TARGET = 11.4;
				MTL_ENABLE_DEBUG_INFO = NO;
				SDKROOT = iphoneos;
				SWIFT_COMPILATION_MODE = wholemodule;
				SWIFT_OPTIMIZATION_LEVEL = "-O";
				VALIDATE_PRODUCT = YES;
			};
			name = Release;
		};
		8A5BA571212EBD540066800C /* Debug */ = {
			isa = XCBuildConfiguration;
			buildSettings = {
				ASSETCATALOG_COMPILER_APPICON_NAME = AppIcon;
				CODE_SIGN_STYLE = Automatic;
				DEVELOPMENT_TEAM = TAKYTNC5U7;
				INFOPLIST_FILE = messageApp/Info.plist;
				LD_RUNPATH_SEARCH_PATHS = (
					"$(inherited)",
					"@executable_path/Frameworks",
				);
				PRODUCT_BUNDLE_IDENTIFIER = woongkeovCompany.com.messageApp;
				PRODUCT_NAME = "$(TARGET_NAME)";
				SWIFT_VERSION = 4.0;
				TARGETED_DEVICE_FAMILY = "1,2";
			};
			name = Debug;
		};
		8A5BA572212EBD540066800C /* Release */ = {
			isa = XCBuildConfiguration;
			buildSettings = {
				ASSETCATALOG_COMPILER_APPICON_NAME = AppIcon;
				CODE_SIGN_STYLE = Automatic;
				DEVELOPMENT_TEAM = TAKYTNC5U7;
				INFOPLIST_FILE = messageApp/Info.plist;
				LD_RUNPATH_SEARCH_PATHS = (
					"$(inherited)",
					"@executable_path/Frameworks",
				);
				PRODUCT_BUNDLE_IDENTIFIER = woongkeovCompany.com.messageApp;
				PRODUCT_NAME = "$(TARGET_NAME)";
				SWIFT_VERSION = 4.0;
				TARGETED_DEVICE_FAMILY = "1,2";
			};
			name = Release;
		};
		8A5BA574212EBD540066800C /* Debug */ = {
			isa = XCBuildConfiguration;
			buildSettings = {
				ALWAYS_EMBED_SWIFT_STANDARD_LIBRARIES = YES;
				BUNDLE_LOADER = "$(TEST_HOST)";
				CODE_SIGN_STYLE = Automatic;
				DEVELOPMENT_TEAM = TAKYTNC5U7;
				INFOPLIST_FILE = messageAppTests/Info.plist;
				LD_RUNPATH_SEARCH_PATHS = (
					"$(inherited)",
					"@executable_path/Frameworks",
					"@loader_path/Frameworks",
				);
				PRODUCT_BUNDLE_IDENTIFIER = woongkeovCompany.com.messageAppTests;
				PRODUCT_NAME = "$(TARGET_NAME)";
				SWIFT_VERSION = 4.0;
				TARGETED_DEVICE_FAMILY = "1,2";
				TEST_HOST = "$(BUILT_PRODUCTS_DIR)/messageApp.app/messageApp";
			};
			name = Debug;
		};
		8A5BA575212EBD540066800C /* Release */ = {
			isa = XCBuildConfiguration;
			buildSettings = {
				ALWAYS_EMBED_SWIFT_STANDARD_LIBRARIES = YES;
				BUNDLE_LOADER = "$(TEST_HOST)";
				CODE_SIGN_STYLE = Automatic;
				DEVELOPMENT_TEAM = TAKYTNC5U7;
				INFOPLIST_FILE = messageAppTests/Info.plist;
				LD_RUNPATH_SEARCH_PATHS = (
					"$(inherited)",
					"@executable_path/Frameworks",
					"@loader_path/Frameworks",
				);
				PRODUCT_BUNDLE_IDENTIFIER = woongkeovCompany.com.messageAppTests;
				PRODUCT_NAME = "$(TARGET_NAME)";
				SWIFT_VERSION = 4.0;
				TARGETED_DEVICE_FAMILY = "1,2";
				TEST_HOST = "$(BUILT_PRODUCTS_DIR)/messageApp.app/messageApp";
			};
			name = Release;
		};
		8A5BA577212EBD540066800C /* Debug */ = {
			isa = XCBuildConfiguration;
			buildSettings = {
				ALWAYS_EMBED_SWIFT_STANDARD_LIBRARIES = YES;
				CODE_SIGN_STYLE = Automatic;
				DEVELOPMENT_TEAM = TAKYTNC5U7;
				INFOPLIST_FILE = messageAppUITests/Info.plist;
				LD_RUNPATH_SEARCH_PATHS = (
					"$(inherited)",
					"@executable_path/Frameworks",
					"@loader_path/Frameworks",
				);
				PRODUCT_BUNDLE_IDENTIFIER = woongkeovCompany.com.messageAppUITests;
				PRODUCT_NAME = "$(TARGET_NAME)";
				SWIFT_VERSION = 4.0;
				TARGETED_DEVICE_FAMILY = "1,2";
				TEST_TARGET_NAME = messageApp;
			};
			name = Debug;
		};
		8A5BA578212EBD540066800C /* Release */ = {
			isa = XCBuildConfiguration;
			buildSettings = {
				ALWAYS_EMBED_SWIFT_STANDARD_LIBRARIES = YES;
				CODE_SIGN_STYLE = Automatic;
				DEVELOPMENT_TEAM = TAKYTNC5U7;
				INFOPLIST_FILE = messageAppUITests/Info.plist;
				LD_RUNPATH_SEARCH_PATHS = (
					"$(inherited)",
					"@executable_path/Frameworks",
					"@loader_path/Frameworks",
				);
				PRODUCT_BUNDLE_IDENTIFIER = woongkeovCompany.com.messageAppUITests;
				PRODUCT_NAME = "$(TARGET_NAME)";
				SWIFT_VERSION = 4.0;
				TARGETED_DEVICE_FAMILY = "1,2";
				TEST_TARGET_NAME = messageApp;
			};
			name = Release;
		};
/* End XCBuildConfiguration section */

/* Begin XCConfigurationList section */
		8A5BA540212EBD510066800C /* Build configuration list for PBXProject "messageApp" */ = {
			isa = XCConfigurationList;
			buildConfigurations = (
				8A5BA56E212EBD540066800C /* Debug */,
				8A5BA56F212EBD540066800C /* Release */,
			);
			defaultConfigurationIsVisible = 0;
			defaultConfigurationName = Release;
		};
		8A5BA570212EBD540066800C /* Build configuration list for PBXNativeTarget "messageApp" */ = {
			isa = XCConfigurationList;
			buildConfigurations = (
				8A5BA571212EBD540066800C /* Debug */,
				8A5BA572212EBD540066800C /* Release */,
			);
			defaultConfigurationIsVisible = 0;
			defaultConfigurationName = Release;
		};
		8A5BA573212EBD540066800C /* Build configuration list for PBXNativeTarget "messageAppTests" */ = {
			isa = XCConfigurationList;
			buildConfigurations = (
				8A5BA574212EBD540066800C /* Debug */,
				8A5BA575212EBD540066800C /* Release */,
			);
			defaultConfigurationIsVisible = 0;
			defaultConfigurationName = Release;
		};
		8A5BA576212EBD540066800C /* Build configuration list for PBXNativeTarget "messageAppUITests" */ = {
			isa = XCConfigurationList;
			buildConfigurations = (
				8A5BA577212EBD540066800C /* Debug */,
				8A5BA578212EBD540066800C /* Release */,
			);
			defaultConfigurationIsVisible = 0;
			defaultConfigurationName = Release;
		};
/* End XCConfigurationList section */

/* Begin XCVersionGroup section */
		8A5BA54F212EBD510066800C /* messageApp.xcdatamodeld */ = {
			isa = XCVersionGroup;
			children = (
				8A5BA550212EBD510066800C /* messageApp.xcdatamodel */,
			);
			currentVersion = 8A5BA550212EBD510066800C /* messageApp.xcdatamodel */;
			path = messageApp.xcdatamodeld;
			sourceTree = "<group>";
			versionGroupType = wrapper.xcdatamodel;
		};
/* End XCVersionGroup section */
	};
	rootObject = 8A5BA53D212EBD510066800C /* Project object */;
}
